
Microsoft Visual Studio Solution File, Format Version 12.00
# Visual Studio 2013
VisualStudioVersion = 12.0.21005.1
MinimumVisualStudioVersion = 10.0.40219.1
Project("{FAE04EC0-301F-11D3-BF4B-00C04F79EFBC}") = "Animat.Studio", "Animat.Studio\Animat.Studio.csproj", "{3EF335AB-3AB3-4E37-A5B2-55537BC24558}"
EndProject
Project("{2150E333-8FDC-42A3-9474-1A3956D46DE8}") = ".nuget", ".nuget", "{3B71BC1B-BDE3-4620-A9E7-F9DA617541A6}"
	ProjectSection(SolutionItems) = preProject
		.nuget\NuGet.Config = .nuget\NuGet.Config
		.nuget\NuGet.exe = .nuget\NuGet.exe
		.nuget\NuGet.targets = .nuget\NuGet.targets
	EndProjectSection
EndProject
Project("{2150E333-8FDC-42A3-9474-1A3956D46DE8}") = ".git", ".git", "{F571D025-31C3-4484-A2B0-5567CDA575B0}"
	ProjectSection(SolutionItems) = preProject
		.gitattributes = .gitattributes
		.gitignore = .gitignore
	EndProjectSection
EndProject
Project("{FAE04EC0-301F-11D3-BF4B-00C04F79EFBC}") = "Animat.Project", "Animat.Project\Animat.Project.csproj", "{A3A1E616-2719-4DA0-984C-70C7BCA19EC1}"
EndProject
Project("{FAE04EC0-301F-11D3-BF4B-00C04F79EFBC}") = "Animat.Foundation", "Animat.Foundation\Animat.Foundation.csproj", "{D7EAE64C-DD23-42DB-8FCB-B5B544BE6CF5}"
EndProject
Project("{FAE04EC0-301F-11D3-BF4B-00C04F79EFBC}") = "Animat.CacheViewer", "Animat.CacheViewer\Animat.CacheViewer.csproj", "{93D1DD74-7E2C-4A96-ADDE-3949BDD6DAA2}"
EndProject
Project("{FAE04EC0-301F-11D3-BF4B-00C04F79EFBC}") = "Animat.Sandbox", "Animat.Sandbox\Animat.Sandbox.csproj", "{70070A3E-CA1F-4890-8A85-E63732615C81}"
EndProject
Global
	GlobalSection(SolutionConfigurationPlatforms) = preSolution
		Debug|Any CPU = Debug|Any CPU
		Release|Any CPU = Release|Any CPU
	EndGlobalSection
	GlobalSection(ProjectConfigurationPlatforms) = postSolution
		{3EF335AB-3AB3-4E37-A5B2-55537BC24558}.Debug|Any CPU.ActiveCfg = Debug|Any CPU
		{3EF335AB-3AB3-4E37-A5B2-55537BC24558}.Debug|Any CPU.Build.0 = Debug|Any CPU
		{3EF335AB-3AB3-4E37-A5B2-55537BC24558}.Release|Any CPU.ActiveCfg = Release|Any CPU
		{3EF335AB-3AB3-4E37-A5B2-55537BC24558}.Release|Any CPU.Build.0 = Release|Any CPU
		{A3A1E616-2719-4DA0-984C-70C7BCA19EC1}.Debug|Any CPU.ActiveCfg = Debug|Any CPU
		{A3A1E616-2719-4DA0-984C-70C7BCA19EC1}.Debug|Any CPU.Build.0 = Debug|Any CPU
		{A3A1E616-2719-4DA0-984C-70C7BCA19EC1}.Release|Any CPU.ActiveCfg = Release|Any CPU
		{A3A1E616-2719-4DA0-984C-70C7BCA19EC1}.Release|Any CPU.Build.0 = Release|Any CPU
		{D7EAE64C-DD23-42DB-8FCB-B5B544BE6CF5}.Debug|Any CPU.ActiveCfg = Debug|Any CPU
		{D7EAE64C-DD23-42DB-8FCB-B5B544BE6CF5}.Debug|Any CPU.Build.0 = Debug|Any CPU
		{D7EAE64C-DD23-42DB-8FCB-B5B544BE6CF5}.Release|Any CPU.ActiveCfg = Release|Any CPU
		{D7EAE64C-DD23-42DB-8FCB-B5B544BE6CF5}.Release|Any CPU.Build.0 = Release|Any CPU
		{93D1DD74-7E2C-4A96-ADDE-3949BDD6DAA2}.Debug|Any CPU.ActiveCfg = Debug|Any CPU
		{93D1DD74-7E2C-4A96-ADDE-3949BDD6DAA2}.Debug|Any CPU.Build.0 = Debug|Any CPU
		{93D1DD74-7E2C-4A96-ADDE-3949BDD6DAA2}.Release|Any CPU.ActiveCfg = Release|Any CPU
		{93D1DD74-7E2C-4A96-ADDE-3949BDD6DAA2}.Release|Any CPU.Build.0 = Release|Any CPU
		{70070A3E-CA1F-4890-8A85-E63732615C81}.Debug|Any CPU.ActiveCfg = Debug|Any CPU
		{70070A3E-CA1F-4890-8A85-E63732615C81}.Debug|Any CPU.Build.0 = Debug|Any CPU
		{70070A3E-CA1F-4890-8A85-E63732615C81}.Release|Any CPU.ActiveCfg = Release|Any CPU
		{70070A3E-CA1F-4890-8A85-E63732615C81}.Release|Any CPU.Build.0 = Release|Any CPU
	EndGlobalSection
	GlobalSection(SolutionProperties) = preSolution
		HideSolutionNode = FALSE
	EndGlobalSection
EndGlobal
